
Microsoft Visual Studio Solution File, Format Version 12.00
# Visual Studio Version 16
VisualStudioVersion = 16.0.29920.165
MinimumVisualStudioVersion = 10.0.40219.1
Project("{FAE04EC0-301F-11D3-BF4B-00C04F79EFBC}") = "Testapp", "Testapp\Testapp.csproj", "{68E8AF5A-F280-440F-A517-142CD1748DE5}"
EndProject
Project("{FAE04EC0-301F-11D3-BF4B-00C04F79EFBC}") = "WebappCore", "WebappCore\WebappCore.csproj", "{AB5C0E3F-9347-429E-9073-254FEC9E3BF1}"
EndProject
Project("{FAE04EC0-301F-11D3-BF4B-00C04F79EFBC}") = "WebappInfrastrustructure", "WebappInfrastrustructure\WebappInfrastrustructure.csproj", "{E9E235B1-7BF6-403D-94EB-2F50D34483F3}"
EndProject
Global
	GlobalSection(SolutionConfigurationPlatforms) = preSolution
		Debug|Any CPU = Debug|Any CPU
		Release|Any CPU = Release|Any CPU
	EndGlobalSection
	GlobalSection(ProjectConfigurationPlatforms) = postSolution
		{68E8AF5A-F280-440F-A517-142CD1748DE5}.Debug|Any CPU.ActiveCfg = Debug|Any CPU
		{68E8AF5A-F280-440F-A517-142CD1748DE5}.Debug|Any CPU.Build.0 = Debug|Any CPU
		{68E8AF5A-F280-440F-A517-142CD1748DE5}.Release|Any CPU.ActiveCfg = Release|Any CPU
		{68E8AF5A-F280-440F-A517-142CD1748DE5}.Release|Any CPU.Build.0 = Release|Any CPU
		{AB5C0E3F-9347-429E-9073-254FEC9E3BF1}.Debug|Any CPU.ActiveCfg = Debug|Any CPU
		{AB5C0E3F-9347-429E-9073-254FEC9E3BF1}.Debug|Any CPU.Build.0 = Debug|Any CPU
		{AB5C0E3F-9347-429E-9073-254FEC9E3BF1}.Release|Any CPU.ActiveCfg = Release|Any CPU
		{AB5C0E3F-9347-429E-9073-254FEC9E3BF1}.Release|Any CPU.Build.0 = Release|Any CPU
		{E9E235B1-7BF6-403D-94EB-2F50D34483F3}.Debug|Any CPU.ActiveCfg = Debug|Any CPU
		{E9E235B1-7BF6-403D-94EB-2F50D34483F3}.Debug|Any CPU.Build.0 = Debug|Any CPU
		{E9E235B1-7BF6-403D-94EB-2F50D34483F3}.Release|Any CPU.ActiveCfg = Release|Any CPU
		{E9E235B1-7BF6-403D-94EB-2F50D34483F3}.Release|Any CPU.Build.0 = Release|Any CPU
	EndGlobalSection
	GlobalSection(SolutionProperties) = preSolution
		HideSolutionNode = FALSE
	EndGlobalSection
	GlobalSection(ExtensibilityGlobals) = postSolution
		SolutionGuid = {50F16094-7A90-4A8D-BBDA-66725E362365}
	EndGlobalSection
EndGlobal
